{
  "name": "example",
  "version": "1.0.0",
  "lockfileVersion": 1,
  "requires": true,
  "dependencies": {
    "vue-router": {
      "version": "4.0.0-beta.10",
      "resolved": "http://bnpm.byted.org/vue-router/download/vue-router-4.0.0-beta.10.tgz",
      "integrity": "sha1-Rfnm/ub8xwlLaW6Qwsn3bDqvQO0="
    }
  }
}
